PODS:
  - NKJMovieComposer (1.1.0)
  - RxBlocking (2.6.1):
    - RxSwift (~> 2.6)
  - RxCocoa (2.6.1):
    - RxSwift (~> 2.6)
  - RxSwift (2.6.1)

DEPENDENCIES:
  - NKJMovieComposer
  - RxBlocking (~> 2.0)
  - RxCocoa (~> 2.0)
  - RxSwift (~> 2.0)

SPEC CHECKSUMS:
  NKJMovieComposer: 222931a723ba852196d14695d747f13995c39edd
  RxBlocking: ff9f5a592b813dd9e3bacd1bf82f72dc00f60ad8
  RxCocoa: 3bb2820fd2a1ba48a70d38926bec0803838ae802
  RxSwift: 0147fbf94e65c6085da9540de92848189ac1c3f6

PODFILE CHECKSUM: e7a0f55d833127803a510aecaaa3cba53f19b8ef

COCOAPODS: 1.2.0.beta.3
