PODS:
  - NKJMovieComposer (1.1.0)
  - RxBlocking (3.1.0):
    - RxSwift (~> 3.1)
  - RxCocoa (3.1.0):
    - RxSwift (~> 3.1)
  - RxSwift (3.1.0)

DEPENDENCIES:
  - NKJMovieComposer (from `https://github.com/nakajijapan/NKJMovieComposer.git`, branch `update-api`)
  - RxBlocking
  - RxCocoa
  - RxSwift

EXTERNAL SOURCES:
  NKJMovieComposer:
    :branch: update-api
    :git: https://github.com/nakajijapan/NKJMovieComposer.git

CHECKOUT OPTIONS:
  NKJMovieComposer:
    :commit: 161412b41003c36d31ba88fd3a3137ed6419f2b7
    :git: https://github.com/nakajijapan/NKJMovieComposer.git

SPEC CHECKSUMS:
  NKJMovieComposer: 222931a723ba852196d14695d747f13995c39edd
  RxBlocking: cd73ef6a5f8c39cede9488178c46aa0c3c3ed17f
  RxCocoa: 50d7564866da9299161e86a263ce12a0873904d8
  RxSwift: 83ff553e7593fdfdcb2562933a64c0284dffdadc

PODFILE CHECKSUM: be5c9a81644e0ff67459cb7e2236cf1e938aad05

COCOAPODS: 1.2.0.rc.1
